github.com/beorn7/perks v1.0.1 h1:VlbKKnNfV8bJzeqoa4cOKqO6bYr3WgKZxO8Z16+hsOM=
github.com/beorn7/perks v1.0.1/go.mod h1:G2ZrVWU2WbWT9wwq4/hrbKbnv/1ERSJQ0ibhJ6rlkpw=
github.com/cespare/xxhash/v2 v2.3.0 h1:UL815xU9SqsFlibzuggzjXhog7bL6oX9BbNZnL2UFvs=
github.com/cespare/xxhash/v2 v2.3.0/go.mod h1:VGX0DQ3Q6kWi7AoAeZDth3/j3BFtOZR5XLFGgcrjCOs=
github.com/davecgh/go-spew v1.1.1 h1:vj9j/u1bqnvCEfJOwUhtlOARqs3+rkHYY13jYWTU97c=
github.com/davecgh/go-spew v1.1.1/go.mod h1:J7Y8YcW2NihsgmVo/mv3lAwl/skON4iLHjSsI+c5H38=
github.com/disintegration/imaging v1.6.2 h1:w1LecBlG2Lnp8B3jk5zSuNqd7b4DXhcjwek1ei82L+c=
github.com/disintegration/imaging v1.6.2/go.mod h1:44/5580QXChDfwIclfc/PCwrr44amcmDAg8hxG0Ewe4=
github.com/dustin/go-humanize v1.0.1 h1:GzkhY7T5VNhEkwH0PVJgjz+fX1rhBrR7pRT3mDkpeCY=
github.com/dustin/go-humanize v1.0.1/go.mod h1:Mu1zIs6XwVuF/gI1OepvI0qD18qycQx+mFykh5fBlto=
github.com/flopp/go-findfont v0.1.0 h1:lPn0BymDUtJo+ZkV01VS3661HL6F4qFlkhcJN55u6mU=
github.com/flopp/go-findfont v0.1.0/go.mod h1:wKKxRDjD024Rh7VMwoU90i6ikQRCr+JTHB5n4Ejkqvw=
github.com/fogleman/gg v1.3.0 h1:/7zJX8F6AaYQc57WQCyN9cAIz+4bCJGO9B+dyW29am8=
github.com/fogleman/gg v1.3.0/go.mod h1:R/bRT+9gY/C5z7JzPU0zXsXHKM4/ayA+zqcVNZzPa1k=
github.com/go-logr/logr v1.4.2 h1:6pFjapn8bFcIbiKo3XT4j/BhANplGihG6tvd+8rYgrY=
github.com/go-logr/logr v1.4.2/go.mod h1:9T104GzyrTigFIr8wt5mBrctHMim0Nb2HLGrmQ40KvY=
github.com/go-logr/stdr v1.2.2 h1:hSWxHoqTgW2S2qGc0LTAI563KZ5YKYRhT3MFKZMbjag=
github.com/go-logr/stdr v1.2.2/go.mod h1:mMo/vtBO5dYbehREoey6XUKy/eSumjCCveDpRre4VKE=
github.com/go-ping/ping v1.2.0 h1:vsJ8slZBZAXNCK4dPcI2PEE9eM9n9RbXbGouVQ/Y4yQ=
github.com/go-ping/ping v1.2.0/go.mod h1:xIFjORFzTxqIV/tDVGO4eDy/bLuSyawEeojSm3GfRGk=
github.com/goccy/go-graphviz v0.2.9 h1:4yD2MIMpxNt+sOEARDh5jTE2S/jeAKi92w72B83mWGg=
github.com/goccy/go-graphviz v0.2.9/go.mod h1:hssjl/qbvUXGmloY81BwXt2nqoApKo7DFgDj5dLJGb8=
github.com/golang/freetype v0.0.0-20170609003504-e2365dfdc4a0 h1:DACJavvAHhabrF08vX0COfcOBJRhZ8lUbR+ZWIs0Y5g=
github.com/golang/freetype v0.0.0-20170609003504-e2365dfdc4a0/go.mod h1:E/TSTwGwJL78qG/PmXZO1EjYhfJinVAhrmmHX6Z8B9k=
github.com/golang/protobuf v1.5.4 h1:i7eJL8qZTpSEXOPTxNKhASYpMn+8e5Q6AdndVa1dWek=
github.com/golang/protobuf v1.5.4/go.mod h1:lnTiLA8Wa4RWRcIUkrtSVa5nRhsEGBg48fD6rSs7xps=
github.com/google/go-cmp v0.6.0 h1:ofyhxvXcZhMsU5ulbFiLKl/XBFqE1GSq7atu8tAmTRI=
github.com/google/go-cmp v0.6.0/go.mod h1:17dUlkBOakJ0+DkrSSNjCkIjxS6bF9zb3elmeNGIjoY=
github.com/google/uuid v1.2.0/go.mod h1:TIyPZe4MgqvfeYDBFedMoGGpEw/LqOeaOT+nhxU+yHo=
github.com/google/uuid v1.6.0 h1:NIvaJDMOsjHA8n1jAhLSgzrAzy1Hgr+hNrb57e+94F0=
github.com/google/uuid v1.6.0/go.mod h1:TIyPZe4MgqvfeYDBFedMoGGpEw/LqOeaOT+nhxU+yHo=
github.com/grafana/pyroscope-go v1.2.0 h1:aILLKjTj8CS8f/24OPMGPewQSYlhmdQMBmol1d3KGj8=
github.com/grafana/pyroscope-go v1.2.0/go.mod h1:2GHr28Nr05bg2pElS+dDsc98f3JTUh2f6Fz1hWXrqwk=
github.com/grafana/pyroscope-go/godeltaprof v0.1.8 h1:iwOtYXeeVSAeYefJNaxDytgjKtUuKQbJqgAIjlnicKg=
github.com/grafana/pyroscope-go/godeltaprof v0.1.8/go.mod h1:2+l7K7twW49Ct4wFluZD3tZ6e0SjanjcUUBPVD/UuGU=
github.com/klauspost/compress v1.17.11 h1:In6xLpyWOi1+C7tXUUWv2ot1QvBjxevKAaI6IXrJmUc=
github.com/klauspost/compress v1.17.11/go.mod h1:pMDklpSncoRMuLFrf1W9Ss9KT+0rH90U12bZKk7uwG0=
github.com/kr/pretty v0.3.1 h1:flRD4NNwYAUpkphVc1HcthR4KEIFJ65n8Mw5qdRn3LE=
github.com/kr/pretty v0.3.1/go.mod h1:hoEshYVHaxMs3cyo3Yncou5ZscifuDolrwPKZanG3xk=
github.com/kr/text v0.2.0 h1:5Nx0Ya0ZqY2ygV366QzturHI13Jq95ApcVaJBhpS+AY=
github.com/kr/text v0.2.0/go.mod h1:eLer722TekiGuMkidMxC/pM04lWEeraHUUmBw8l2grE=
github.com/kylelemons/godebug v1.1.0 h1:RPNrshWIDI6G2gRW9EHilWtl7Z6Sb1BR0xunSBf0SNc=
github.com/kylelemons/godebug v1.1.0/go.mod h1:9/0rRGxNHcop5bhtWyNeEfOS8JIWk580+fNqagV/RAw=
github.com/lib/pq v1.10.9 h1:YXG7RB+JIjhP29X+OtkiDnYaXQwpS4JEWq7dtCCRUEw=
github.com/lib/pq v1.10.9/go.mod h1:AlVN5x4E4T544tWzH6hKfbfQvm3HdbOxrmggDNAPY9o=
github.com/munnerz/goautoneg v0.0.0-20191010083416-a7dc8b61c822 h1:C3w9PqII01/Oq1c1nUAm88MOHcQC9l5mIlSMApZMrHA=
github.com/munnerz/goautoneg v0.0.0-20191010083416-a7dc8b61c822/go.mod h1:+n7T8mK8HuQTcFwEeznm/DIxMOiR9yIdICNftLE1DvQ=
github.com/pmezard/go-difflib v1.0.0 h1:4DBwDE0NGyQoBHbLQYPwSUPoCMWR5BEzIk/f1lZbAQM=
github.com/pmezard/go-difflib v1.0.0/go.mod h1:iKH77koFhYxTK1pcRnkKkqfTogsbg7gZNVY4sRDYZ/4=
github.com/prometheus/client_golang v1.20.5 h1:cxppBPuYhUnsO6yo/aoRol4L7q7UFfdm+bR9r+8l63Y=
github.com/prometheus/client_golang v1.20.5/go.mod h1:PIEt8X02hGcP8JWbeHyeZ53Y/jReSnHgO035n//V5WE=
github.com/prometheus/client_model v0.6.1 h1:ZKSh/rekM+n3CeS952MLRAdFwIKqeY8b62p8ais2e9E=
github.com/prometheus/client_model v0.6.1/go.mod h1:OrxVMOVHjw3lKMa8+x6HeMGkHMQyHDk9E3jmP2AmGiY=
github.com/prometheus/common v0.62.0 h1:xasJaQlnWAeyHdUBeGjXmutelfJHWMRr+Fg4QszZ2Io=
github.com/prometheus/common v0.62.0/go.mod h1:vyBcEuLSvWos9B1+CyL7JZ2up+uFzXhkqml0W5zIY1I=
github.com/prometheus/procfs v0.15.1 h1:YagwOFzUgYfKKHX6Dr+sHT7km/hxC76UB0learggepc=
github.com/prometheus/procfs v0.15.1/go.mod h1:fB45yRUv8NstnjriLhBQLuOUt+WW4BsoGhij/e3PBqk=
github.com/rogpeppe/go-internal v1.10.0 h1:TMyTOH3F/DB16zRVcYyreMH6GnZZrwQVAoYjRBZyWFQ=
github.com/rogpeppe/go-internal v1.10.0/go.mod h1:UQnix2H7Ngw/k4C5ijL5+65zddjncjaFoBhdsK/akog=
github.com/stretchr/objx v0.5.2 h1:xuMeJ0Sdp5ZMRXx/aWO6RZxdr3beISkG5/G/aIRr3pY=
github.com/stretchr/objx v0.5.2/go.mod h1:FRsXN1f5AsAjCGJKqEizvkpNtU+EGNCLh3NxZ/8L+MA=
github.com/stretchr/testify v1.10.0 h1:Xv5erBjTwe/5IxqUQTdXv5kgmIvbHo3QQyRwhJsOfJA=
github.com/stretchr/testify v1.10.0/go.mod h1:r2ic/lqez/lEtzL7wO/rwa5dbSLXVDPFyf8C91i36aY=
github.com/tetratelabs/wazero v1.8.1 h1:NrcgVbWfkWvVc4UtT4LRLDf91PsOzDzefMdwhLfA550=
github.com/tetratelabs/wazero v1.8.1/go.mod h1:yAI0XTsMBhREkM/YDAK/zNou3GoiAce1P6+rp/wQhjs=
go.opentelemetry.io/otel v1.32.0 h1:WnBN+Xjcteh0zdk01SVqV55d/m62NJLJdIyb4y/WO5U=
go.opentelemetry.io/otel v1.32.0/go.mod h1:00DCVSB0RQcnzlwyTfqtxSm+DRr9hpYrHjNGiBHVQIg=
go.opentelemetry.io/otel/metric v1.32.0 h1:xV2umtmNcThh2/a/aCP+h64Xx5wsj8qqnkYZktzNa0M=
go.opentelemetry.io/otel/metric v1.32.0/go.mod h1:jH7CIbbK6SH2V2wE16W05BHCtIDzauciCRLoc/SyMv8=
go.opentelemetry.io/otel/sdk v1.32.0 h1:RNxepc9vK59A8XsgZQouW8ue8Gkb4jpWtJm9ge5lEG4=
go.opentelemetry.io/otel/sdk v1.32.0/go.mod h1:LqgegDBjKMmb2GC6/PrTnteJG39I8/vJCAP9LlJXEjU=
go.opentelemetry.io/otel/sdk/metric v1.32.0 h1:rZvFnvmvawYb0alrYkjraqJq0Z4ZUJAiyYCU9snn1CU=
go.opentelemetry.io/otel/sdk/metric v1.32.0/go.mod h1:PWeZlq0zt9YkYAp3gjKZ0eicRYvOh1Gd+X99x6GHpCQ=
go.opentelemetry.io/otel/trace v1.32.0 h1:WIC9mYrXf8TmY/EXuULKc8hR17vE+Hjv2cssQDe03fM=
go.opentelemetry.io/otel/trace v1.32.0/go.mod h1:+i4rkvCraA+tG6AzwloGaCtkx53Fa+L+V8e9a7YvhT8=
golang.conradwood.net/apis/auth v1.1.3682 h1:iYeBE+LiNe8genr7FCNSkQdhaTnmdl9O2atuuHv5UaI=
golang.conradwood.net/apis/auth v1.1.3682/go.mod h1:axaD7EtoFtmAkGz1mct9bN2Vbuqrk88dh4MFy3LIRV8=
golang.conradwood.net/apis/autodeployer v1.1.3645 h1:JXV7SwL+rSVnISuHka6U/d1hSMrRq4rcj3El3KAFDg8=
golang.conradwood.net/apis/autodeployer v1.1.3645/go.mod h1:b7aMAy7x9lND2EaQSxt6tX4o8TJ/foLMX7NRHagBcF8=
golang.conradwood.net/apis/certmanager v1.1.3645 h1:bHDO29aT/waS3UNxuD0p5QA3Ao2gX57A2CUmTmBjRJw=
golang.conradwood.net/apis/certmanager v1.1.3645/go.mod h1:xb2VZce3rtx1OSiFqND0ruEft5MFlqUw8CjdJITzSks=
golang.conradwood.net/apis/common v1.1.3682 h1:l/coqdvHjBtYsoJtwSLa8wCCFKH+2kQcsaewvgz1Bzo=
golang.conradwood.net/apis/common v1.1.3682/go.mod h1:7KB9JobRCe5LQUeKNG65pvbnonBstLoDRsTqgM3FSvA=
golang.conradwood.net/apis/deploymonkey v1.1.3645 h1:vXbmXFIj2z/4c4P9FUG6HbgRR9M3zP5fzxUr0pQvX/w=
golang.conradwood.net/apis/deploymonkey v1.1.3645/go.mod h1:QH6p2fVbTOgAJrtnhR2D2ihCoqoXmEobsfg2UQGjbZo=
golang.conradwood.net/apis/errorlogger v1.1.3645 h1:z6gEhuYOaU2lgsMgyLxFkwa9mcgaFLZ9pkXXdFezIzM=
golang.conradwood.net/apis/errorlogger v1.1.3645/go.mod h1:IG7qDGrKqZoi3IxTUo3dti6sL7oyGJzhLBcZ9OuvVvE=
golang.conradwood.net/apis/framework v1.1.3645 h1:BzGPaifuO/h1QLPflRivLL2ic3jbE8jP4bggJj5dZNU=
golang.conradwood.net/apis/framework v1.1.3645/go.mod h1:LCbU4NZ0D/2t/KKdstYJEi8j03MQKLAfyMs6+ItCiPo=
golang.conradwood.net/apis/getestservice v1.1.3645 h1:oiLEE2OeTfAD6ODyMqvBlf9Vl4YRQumrQJX3AWGxcEc=
golang.conradwood.net/apis/getestservice v1.1.3645/go.mod h1:KUIkCGdFrdyoBJA5qRPz1lhFwNJKUFfravCs4zUxDm0=
golang.conradwood.net/apis/goeasyops v1.1.3682 h1:HU2w1BQWQr63Hds55ZcoNn0pEkQWEhUkDQzytWEtm7U=
golang.conradwood.net/apis/goeasyops v1.1.3682/go.mod h1:pwIuLnzjl+4WloKIjtZxomaxHYlJA1iweyDJqQD1vYA=
golang.conradwood.net/apis/grafanadata v1.1.3645 h1:XZ9wH5fiV57wTp6smchRh4Dpl6acwMcW2ZlSSoHPrx4=
golang.conradwood.net/apis/grafanadata v1.1.3645/go.mod h1:G8l4fMahbm3gGCYEH10WeOKzimEzfzQuY1bayHrumtw=
golang.conradwood.net/apis/h2gproxy v1.1.3645 h1:FI8j2t4gIe8OU+ogAWTfvgk6LrtITAJTptRAD0mCRuw=
golang.conradwood.net/apis/h2gproxy v1.1.3645/go.mod h1:Xe5J8+P7dR+8Aq1WJF1a71fS7wQeS9uTNJ4F7D7ljt0=
golang.conradwood.net/apis/objectstore v1.1.3645 h1:8rDONDaVrrSm1vBJUBZrrF5V26lMUl7JdbAjQ68hu4g=
golang.conradwood.net/apis/objectstore v1.1.3645/go.mod h1:SL6TldTBicBuBh9SJpwT4rg5g28CoCjAwWw4uAby7CU=
golang.conradwood.net/apis/registry v1.1.3645 h1:DKtQf3pUFMX6WEOjIqh9jEH9ExDUfQQiF40Y69teJ0M=
golang.conradwood.net/apis/registry v1.1.3645/go.mod h1:hwC3tEVyYY6KmAbubeYiExmrY0Erep5ENOefK5vEH9c=
golang.conradwood.net/go-easyops v0.1.34261 h1:3r/Cq8rh+yRcqGjUyJy52tIBPpYpZyycz0sGjlI8I5E=
golang.conradwood.net/go-easyops v0.1.34261/go.mod h1:fx+PkAcbCXEh1+7UNxgJMwxeiyNTPo+p6qgXo0gKmXg=
golang.org/x/image v0.0.0-20191009234506-e7c1f5e7dbb8/go.mod h1:FeLwcggjj3mMvU+oOTbSwawSJRM1uh48EjtB4UJZlP0=
golang.org/x/image v0.21.0 h1:c5qV36ajHpdj4Qi0GnE0jUc/yuo33OLFaa0d+crTD5s=
golang.org/x/image v0.21.0/go.mod h1:vUbsLavqK/W303ZroQQVKQ+Af3Yl6Uz1Ppu5J/cLz78=
golang.org/x/net v0.0.0-20210316092652-d523dce5a7f4/go.mod h1:RBQZq4jEuRlivfhVLdyRGr576XBO4/greRjx4P4O3yc=
golang.org/x/net v0.34.0 h1:Mb7Mrk043xzHgnRM88suvJFwzVrRfHEHJEl5/71CKw0=
golang.org/x/net v0.34.0/go.mod h1:di0qlW3YNM5oh6GqDGQr92MyTozJPmybPK4Ev/Gm31k=
golang.org/x/sync v0.0.0-20210220032951-036812b2e83c/go.mod h1:RxMgew5VJxzue5/jJTE5uejpjVlOe/izrB70Jof72aM=
golang.org/x/sync v0.11.0 h1:GGz8+XQP4FvTTrjZPzNKTMFtSXH80RAzG+5ghFPgK9w=
golang.org/x/sync v0.11.0/go.mod h1:Czt+wKu1gCyEFDUtn0jG5QVvpJ6rzVqr5aXyt9drQfk=
golang.org/x/sys v0.0.0-20201119102817-f84b799fce68/go.mod h1:h1NjWce9XRLGQEsW7wpKNCjG9DtNlClVuFLEZdDNbEs=
golang.org/x/sys v0.0.0-20210315160823-c6e025ad8005/go.mod h1:h1NjWce9XRLGQEsW7wpKNCjG9DtNlClVuFLEZdDNbEs=
golang.org/x/sys v0.30.0 h1:QjkSwP/36a20jFYWkSue1YwXzLmsV5Gfq7Eiy72C1uc=
golang.org/x/sys v0.30.0/go.mod h1:/VUhepiaJMQUp4+oa/7Zr1D23ma6VTLIYjOOTFZPUcA=
golang.org/x/term v0.0.0-20201126162022-7de9c90e9dd1/go.mod h1:bj7SfCRtBDWHUb9snDiAeCFNEtKQo2Wmx5Cou7ajbmo=
golang.org/x/text v0.3.0/go.mod h1:NqM8EUOU14njkJ3fqMW+pc6Ldnwhi/IjpwHt7yyuwOQ=
golang.org/x/text v0.3.3/go.mod h1:5Zoc/QRtKVWzQhOtBMvqHzDpF6irO9z98xDceosuGiQ=
golang.org/x/text v0.22.0 h1:bofq7m3/HAFvbF51jz3Q9wLg3jkvSPuiZu/pD1XwgtM=
golang.org/x/text v0.22.0/go.mod h1:YRoo4H8PVmsu+E3Ou7cqLVH8oXWIHVoX0jqUWALQhfY=
golang.org/x/tools v0.0.0-20180917221912-90fa682c2a6e/go.mod h1:n7NCudcB/nEzxVGmLbDWY5pfWTLqBcC2KZ6jyYvM4mQ=
golang.singingcat.net/apis/base v1.1.3645 h1:LrC+RAwOP2chVD3srBsKCqG9iA554+PA6nhNZxsnQ3k=
golang.singingcat.net/apis/base v1.1.3645/go.mod h1:Ren9BxcW8WAeDu86RJoP4y+zdSJ4AyPqFiMNBJpjA/U=
golang.singingcat.net/apis/scweb v1.1.3645 h1:tAbivg/WBQcwtZBdUrwQOFi0s0NYZ633Ai7Jlw3AI8w=
golang.singingcat.net/apis/scweb v1.1.3645/go.mod h1:4ZF7DREsv9hoPOqieiEpBMJqCqrj+BlAzEya835LN5g=
golang.singingcat.net/apis/singingcat v1.1.3645 h1:oz7nNNuz8O9gQj283gykAbimenBO1V0f1B7/CysCTmw=
golang.singingcat.net/apis/singingcat v1.1.3645/go.mod h1:kBhSer/K6R9Sf1d3hEeTtBTYJsovhhzHeCgs/7KbSoQ=
golang.singingcat.net/scgolib v0.1.33845 h1:yf+vxVkM95UDHtrrN/w7XztT+8+2i9Tnn5XbkG5U2xM=
golang.singingcat.net/scgolib v0.1.33845/go.mod h1:mQfHYLpfTYqgZrheF7CCA5V1T9XtCsI1+sHEdhjKd7o=
golang.yacloud.eu/apis/autodeployer2 v1.1.3645 h1:1otmBE0lEENMEsc+Z1hXj/pPKnL7SippNbtDO3jxCyc=
golang.yacloud.eu/apis/autodeployer2 v1.1.3645/go.mod h1:PNeolP47rNbcNVjT9BN8IbNj09wotrYVZVHVvVs9D9I=
golang.yacloud.eu/apis/faultindicator v1.1.3645 h1:tJM15bC2YZcKmafGxdeW/lrJ41xZWo6wjPRlv6vljy0=
golang.yacloud.eu/apis/faultindicator v1.1.3645/go.mod h1:ANBTK5NKAjGrdzj4uIYvKC4QB8rJZYbD7l+qxIg9LWA=
golang.yacloud.eu/apis/fscache v1.1.3645 h1:fxZrku9PVVQHxZGJa5w7hjsXlo9hvs4ZZdsbHn9PbE8=
golang.yacloud.eu/apis/fscache v1.1.3645/go.mod h1:l497dJ2+Vl8zbpYpp22F2gsqVNPu4ylrmi9CQnCPbqI=
golang.yacloud.eu/apis/session v1.1.3682 h1:peoD/XvrmGjGAAoiqAdjz9s2tlg6hWUDPqGAL33MQmY=
golang.yacloud.eu/apis/session v1.1.3682/go.mod h1:s/US2PWbvkCCUcG/4KI9dXq6MmPAjQdeX+mlZbE9J94=
golang.yacloud.eu/apis/unixipc v1.1.3645 h1:vE8sMli/q0fBWZO89BzqNMwd8b3q7DngOFDajADURiY=
golang.yacloud.eu/apis/unixipc v1.1.3645/go.mod h1:ATmYXPI0G6f8tF8Sg1zn6ApwJPSFP65WVWxUeairunQ=
golang.yacloud.eu/apis/urlcacher v1.1.3645 h1:GBtViiXDJ8bzoyeNCsA4/xcFzZAxK1PaREPJNQpx7Qg=
golang.yacloud.eu/apis/urlcacher v1.1.3645/go.mod h1:rLovKV+ATNFZ4j4RdtzatxRqKjyoUfdsWjMCPE37Nhc=
golang.yacloud.eu/unixipc v0.1.31725 h1:u+tUnlgwLVzQ1bFBVM+rqARHAgwH41PrRGIVwKVrMsg=
golang.yacloud.eu/unixipc v0.1.31725/go.mod h1:BboKEBCyQzeXbtXowwSLV9U+wI32wq49ZVs72+uO/ZI=
google.golang.org/genproto/googleapis/rpc v0.0.0-20241202173237-19429a94021a h1:hgh8P4EuoxpsuKMXX/To36nOFD7vixReXgn8lPGnt+o=
google.golang.org/genproto/googleapis/rpc v0.0.0-20241202173237-19429a94021a/go.mod h1:5uTbfoYQed2U9p3KIj2/Zzm02PYhndfdmML0qC3q3FU=
google.golang.org/grpc v1.70.0 h1:pWFv03aZoHzlRKHWicjsZytKAiYCtNS0dHbXnIdq7jQ=
google.golang.org/grpc v1.70.0/go.mod h1:ofIJqVKDXx/JiXrwr2IG4/zwdH9txy3IlF40RmcJSQw=
google.golang.org/protobuf v1.36.4 h1:6A3ZDJHn/eNqc1i+IdefRzy/9PokBTPvcqMySR7NNIM=
google.golang.org/protobuf v1.36.4/go.mod h1:9fA7Ob0pmnwhb644+1+CVWFRbNajQ6iRojtC/QF5bRE=
gopkg.in/check.v1 v0.0.0-20161208181325-20d25e280405/go.mod h1:Co6ibVJAznAaIkqp8huTwlJQCZ016jof/cbN4VW5Yz0=
gopkg.in/check.v1 v1.0.0-20201130134442-10cb98267c6c h1:Hei/4ADfdWqJk1ZMxUNpqntNwaWcugrBjAiHlqqRiVk=
gopkg.in/check.v1 v1.0.0-20201130134442-10cb98267c6c/go.mod h1:JHkPIbrfpd72SG/EVd6muEfDQjcINNoR0C8j2r3qZ4Q=
gopkg.in/yaml.v2 v2.4.0 h1:D8xgwECY7CYvx+Y2n4sBz93Jn9JRvxdiyyo8CTfuKaY=
gopkg.in/yaml.v2 v2.4.0/go.mod h1:RDklbk79AGWmwhnvt/jBztapEOGDOx6ZbXqjP6csGnQ=
gopkg.in/yaml.v3 v3.0.1 h1:fxVm/GzAzEWqLHuvctI91KS9hhNmmWOoWu0XTYJS7CA=
gopkg.in/yaml.v3 v3.0.1/go.mod h1:K4uyk7z7BCEPqu6E+C64Yfv1cQ7kz7rIZviUmN+EgEM=
