github.com/beorn7/perks v1.0.1 h1:VlbKKnNfV8bJzeqoa4cOKqO6bYr3WgKZxO8Z16+hsOM=
github.com/beorn7/perks v1.0.1/go.mod h1:G2ZrVWU2WbWT9wwq4/hrbKbnv/1ERSJQ0ibhJ6rlkpw=
github.com/cespare/xxhash/v2 v2.2.0 h1:DC2CZ1Ep5Y4k3ZQ899DldepgrayRUGE6BBZ/cd9Cj44=
github.com/cespare/xxhash/v2 v2.2.0/go.mod h1:VGX0DQ3Q6kWi7AoAeZDth3/j3BFtOZR5XLFGgcrjCOs=
github.com/davecgh/go-spew v1.1.1 h1:vj9j/u1bqnvCEfJOwUhtlOARqs3+rkHYY13jYWTU97c=
github.com/dustin/go-humanize v1.0.1 h1:GzkhY7T5VNhEkwH0PVJgjz+fX1rhBrR7pRT3mDkpeCY=
github.com/dustin/go-humanize v1.0.1/go.mod h1:Mu1zIs6XwVuF/gI1OepvI0qD18qycQx+mFykh5fBlto=
github.com/go-ping/ping v1.1.0 h1:3MCGhVX4fyEUuhsfwPrsEdQw6xspHkv5zHsiSoDFZYw=
github.com/go-ping/ping v1.1.0/go.mod h1:xIFjORFzTxqIV/tDVGO4eDy/bLuSyawEeojSm3GfRGk=
github.com/golang/protobuf v1.2.0/go.mod h1:6lQm79b+lXiMfvg/cZm0SGofjICqVBUtrP5yJMmIC1U=
github.com/golang/protobuf v1.5.0/go.mod h1:FsONVRAS9T7sI+LIUmWTfcYkHO4aIWwzhcaSAoJOfIk=
github.com/golang/protobuf v1.5.3 h1:KhyjKVUg7Usr/dYsdSqoFveMYd5ko72D+zANwlG1mmg=
github.com/golang/protobuf v1.5.3/go.mod h1:XVQd3VNwM+JqD3oG2Ue2ip4fOMUkwXdXDdiuN0vRsmY=
github.com/google/go-cmp v0.5.5/go.mod h1:v8dTdLbMG2kIc/vJvl+f65V22dbkXbowE6jgT/gNBxE=
github.com/google/go-cmp v0.5.9 h1:O2Tfq5qg4qc4AmwVlvv0oLiVAGB7enBSJ2x2DqQFi38=
github.com/google/uuid v1.2.0/go.mod h1:TIyPZe4MgqvfeYDBFedMoGGpEw/LqOeaOT+nhxU+yHo=
github.com/google/uuid v1.3.1 h1:KjJaJ9iWZ3jOFZIf1Lqf4laDRCasjl0BCmnEGxkdLb4=
github.com/google/uuid v1.3.1/go.mod h1:TIyPZe4MgqvfeYDBFedMoGGpEw/LqOeaOT+nhxU+yHo=
github.com/kr/pretty v0.3.1 h1:flRD4NNwYAUpkphVc1HcthR4KEIFJ65n8Mw5qdRn3LE=
github.com/kr/text v0.2.0 h1:5Nx0Ya0ZqY2ygV366QzturHI13Jq95ApcVaJBhpS+AY=
github.com/lib/pq v1.10.9 h1:YXG7RB+JIjhP29X+OtkiDnYaXQwpS4JEWq7dtCCRUEw=
github.com/lib/pq v1.10.9/go.mod h1:AlVN5x4E4T544tWzH6hKfbfQvm3HdbOxrmggDNAPY9o=
github.com/matttproud/golang_protobuf_extensions v1.0.4 h1:mmDVorXM7PCGKw94cs5zkfA9PSy5pEvNWRP0ET0TIVo=
github.com/matttproud/golang_protobuf_extensions v1.0.4/go.mod h1:BSXmuO+STAnVfrANrmjBb36TMTDstsz7MSK+HVaYKv4=
github.com/prometheus/client_golang v1.16.0 h1:yk/hx9hDbrGHovbci4BY+pRMfSuuat626eFsHb7tmT8=
github.com/prometheus/client_golang v1.16.0/go.mod h1:Zsulrv/L9oM40tJ7T815tM89lFEugiJ9HzIqaAx4LKc=
github.com/prometheus/client_model v0.4.0 h1:5lQXD3cAg1OXBf4Wq03gTrXHeaV0TQvGfUooCfx1yqY=
github.com/prometheus/client_model v0.4.0/go.mod h1:oMQmHW1/JoDwqLtg57MGgP/Fb1CJEYF2imWWhWtMkYU=
github.com/prometheus/common v0.44.0 h1:+5BrQJwiBB9xsMygAB3TNvpQKOwlkc25LbISbrdOOfY=
github.com/prometheus/common v0.44.0/go.mod h1:ofAIvZbQ1e/nugmZGz4/qCb9Ap1VoSTIO7x0VV9VvuY=
github.com/prometheus/procfs v0.11.1 h1:xRC8Iq1yyca5ypa9n1EZnWZkt7dwcoRPQwX/5gwaUuI=
github.com/prometheus/procfs v0.11.1/go.mod h1:eesXgaPo1q7lBpVMoMy0ZOFTth9hBn4W/y0/p/ScXhY=
github.com/rogpeppe/go-internal v1.10.0 h1:TMyTOH3F/DB16zRVcYyreMH6GnZZrwQVAoYjRBZyWFQ=
golang.conradwood.net/apis/auth v1.1.2583 h1:QuFgLbOUG/KapQer1PSjS82zBEuwt0ZJwIHIo+at0Ss=
golang.conradwood.net/apis/auth v1.1.2583/go.mod h1:VEZrwzlNq3ZxZoH8eVeUv9X8iz9C2KHY4tskQj40+mo=
golang.conradwood.net/apis/autodeployer v1.1.2583 h1:V7viDHOLNaFSk+clW+92mCIQj93r0dYr950ugrNA9Jo=
golang.conradwood.net/apis/autodeployer v1.1.2583/go.mod h1:D/cxDx1F9dxq3qnhKf3C2NNB2qdPrwO5hABjod3CT70=
golang.conradwood.net/apis/common v1.1.2583 h1:5et2wTkmCvJhSRChIfFrbIwXUey9EFk/3mVT7nE7d1E=
golang.conradwood.net/apis/common v1.1.2583/go.mod h1:l6dcwQE9hNupHaD40o2d4wcT8JPGFKLHu6KIJV92bTg=
golang.conradwood.net/apis/deploymonkey v1.1.2583 h1:IN54Wr3FHxHThh7A05WkYqGnvICvYr1VbuDIoeT99LM=
golang.conradwood.net/apis/deploymonkey v1.1.2583/go.mod h1:kJgVIrMxt8i6aXHuqA+GBmvhhh9YqED3KJUtAfS39JI=
golang.conradwood.net/apis/echoservice v1.1.2583 h1:fJHJ32YDlbg6r751srBZQqqL9xpm8TY9UVu3mOJr7ns=
golang.conradwood.net/apis/echoservice v1.1.2583/go.mod h1:KkeNpW01vhvbPty3/cxH0bsDJLjVcw2VpazCFStnQOU=
golang.conradwood.net/apis/errorlogger v1.1.2583 h1:arFAypEXB4vdOK/l77OcEb0tJpz1gXPA7kSKCGexxKE=
golang.conradwood.net/apis/errorlogger v1.1.2583/go.mod h1:jOzZIc4MknEEysmE0Xq9zcT1vnJYEf/IQm+wVeBaOMg=
golang.conradwood.net/apis/framework v1.1.2583 h1:t/Up8Kwc8vuwNA9Xl1QHwIqUfTQXKt2sVP197Cq37wA=
golang.conradwood.net/apis/framework v1.1.2583/go.mod h1:CDL42NqN3J2O5lrmvREySE+qaJVIuRUZsEtduMIx77U=
golang.conradwood.net/apis/goeasyops v1.1.2583 h1:CHN/bXK0p9rF5Lu+o7N6ev32bs2CNvaU0HjnACKVrQw=
golang.conradwood.net/apis/goeasyops v1.1.2583/go.mod h1:Pupg6xRXFaRfufSrazO4j95nGD2nF4/mLhJIqq2glzE=
golang.conradwood.net/apis/objectstore v1.1.2583 h1:2zRrmbDoRe4YcZGl7JBpwSociaIUIkOMCMCF1WiUCoQ=
golang.conradwood.net/apis/objectstore v1.1.2583/go.mod h1:gCEq0aI6yhXEidgFVUsOBkkR2VnCyfcskfGo20PsWwE=
golang.conradwood.net/apis/registry v1.1.2583 h1:3joEodj2vjySKUIeuolxOtqWQbtcbuWZKgka2NuzQJc=
golang.conradwood.net/apis/registry v1.1.2583/go.mod h1:BzNNecceezhahnlLGnLUy7uPvPbT5NMjdH+4vXpKFsc=
golang.conradwood.net/go-easyops v0.1.20317 h1:9RJ/LqkOin7vVRaJf47l81laHVV2l3SK0xRiL4EFrGQ=
golang.conradwood.net/go-easyops v0.1.20317/go.mod h1:vykvQX58+VTUpdKGqEt715kuISZ+nf0GX1k8oYnwAEU=
golang.org/x/net v0.0.0-20210316092652-d523dce5a7f4/go.mod h1:RBQZq4jEuRlivfhVLdyRGr576XBO4/greRjx4P4O3yc=
golang.org/x/net v0.15.0 h1:ugBLEUaxABaB5AJqW9enI0ACdci2RUd4eP51NTBvuJ8=
golang.org/x/net v0.15.0/go.mod h1:idbUs1IY1+zTqbi8yxTbhexhEEk5ur9LInksu6HrEpk=
golang.org/x/sync v0.0.0-20181221193216-37e7f081c4d4/go.mod h1:RxMgew5VJxzue5/jJTE5uejpjVlOe/izrB70Jof72aM=
golang.org/x/sync v0.0.0-20210220032951-036812b2e83c/go.mod h1:RxMgew5VJxzue5/jJTE5uejpjVlOe/izrB70Jof72aM=
golang.org/x/sync v0.3.0 h1:ftCYgMx6zT/asHUrPw8BLLscYtGznsLAnjq5RH9P66E=
golang.org/x/sync v0.3.0/go.mod h1:FU7BRWz2tNW+3quACPkgCx/L+uEAv1htQ0V83Z9Rj+Y=
golang.org/x/sys v0.0.0-20201119102817-f84b799fce68/go.mod h1:h1NjWce9XRLGQEsW7wpKNCjG9DtNlClVuFLEZdDNbEs=
golang.org/x/sys v0.0.0-20210315160823-c6e025ad8005/go.mod h1:h1NjWce9XRLGQEsW7wpKNCjG9DtNlClVuFLEZdDNbEs=
golang.org/x/sys v0.12.0 h1:CM0HF96J0hcLAwsHPJZjfdNzs0gftsLfgKt57wWHJ0o=
golang.org/x/sys v0.12.0/go.mod h1:oPkhp1MJrh7nUepCBck5+mAzfO9JrbApNNgaTdGDITg=
golang.org/x/term v0.0.0-20201126162022-7de9c90e9dd1/go.mod h1:bj7SfCRtBDWHUb9snDiAeCFNEtKQo2Wmx5Cou7ajbmo=
golang.org/x/text v0.3.3/go.mod h1:5Zoc/QRtKVWzQhOtBMvqHzDpF6irO9z98xDceosuGiQ=
golang.org/x/text v0.13.0 h1:ablQoSUd0tRdKxZewP80B+BaqeKJuVhuRxj/dkrun3k=
golang.org/x/text v0.13.0/go.mod h1:TvPlkZtksWOMsz7fbANvkp4WM8x/WCo/om8BMLbz+aE=
golang.org/x/tools v0.0.0-20180917221912-90fa682c2a6e/go.mod h1:n7NCudcB/nEzxVGmLbDWY5pfWTLqBcC2KZ6jyYvM4mQ=
golang.org/x/xerrors v0.0.0-20191204190536-9bdfabe68543/go.mod h1:I/5z698sn9Ka8TeJc9MKroUUfqBBauWjQqLJ2OPfmY0=
golang.singingcat.net/apis/base v1.1.2583 h1:eeHEprzPIumMGMNnmpgpR3wo2LlhRKmg1aXpJdGsDUg=
golang.singingcat.net/apis/base v1.1.2583/go.mod h1:BFXGL+O8o1DmKJJmw7WAOBeBSz3yhLSJdJ0RGBKKsxk=
golang.singingcat.net/apis/scweb v1.1.2583 h1:vszJIIKiSyWTsYHguXwZtuAHiCkQIxkMIfAuNKRWj6Q=
golang.singingcat.net/apis/scweb v1.1.2583/go.mod h1:2Jk9dlXm2Wlw5FMmSGozSfGZFTIzyYyPl91gRGshBXM=
golang.singingcat.net/apis/singingcat v1.1.2583 h1:HQu1MXkNdxWO+PFof3/jQ0NlEX85gEsAXkqGCH/Ru2s=
golang.singingcat.net/apis/singingcat v1.1.2583/go.mod h1:9i7eCPRfhqL1QPZabKpZN2MFGOZJtSyiyJopIgXZnPE=
golang.singingcat.net/scgolib v0.1.18884 h1:8W+D0vhXgqYcUO9JbdbpixgkDG7qTjTQ9PfKN320Hwo=
golang.singingcat.net/scgolib v0.1.18884/go.mod h1:h43cniQto1o2sVhszvEOj9KN8+SSSs0WbqyGAHTOZX4=
golang.yacloud.eu/apis/session v1.1.2583 h1:gq8WfYsHxY0hZQmZChM9RieKFD7444cZVVO/8k1yjF0=
golang.yacloud.eu/apis/session v1.1.2583/go.mod h1:4KKzsRv29FuSr1CITSNxPkitXUE14wiPMtmEcEABN18=
golang.yacloud.eu/apis/urlcacher v1.1.2583 h1:rBma9PcxmzU5yxObMydNknsLOR9HlK/iCxCHLUN8unQ=
golang.yacloud.eu/apis/urlcacher v1.1.2583/go.mod h1:K3njKCpofGH7iJhXC9T2Oe0fjkTBc7ok66wgPxauqWk=
google.golang.org/genproto/googleapis/rpc v0.0.0-20230711160842-782d3b101e98 h1:bVf09lpb+OJbByTj913DRJioFFAjf/ZGxEz7MajTp2U=
google.golang.org/genproto/googleapis/rpc v0.0.0-20230711160842-782d3b101e98/go.mod h1:TUfxEVdsvPg18p6AslUXFoLdpED4oBnGwyqk3dV1XzM=
google.golang.org/grpc v1.58.0 h1:32JY8YpPMSR45K+c3o6b8VL73V+rR8k+DeMIr4vRH8o=
google.golang.org/grpc v1.58.0/go.mod h1:tgX3ZQDlNJGU96V6yHh1T/JeoBQ2TXdr43YbYSsCJk0=
google.golang.org/protobuf v1.26.0-rc.1/go.mod h1:jlhhOSvTdKEhbULTjvd4ARK9grFBp09yW+WbY/TyQbw=
google.golang.org/protobuf v1.26.0/go.mod h1:9q0QmTI4eRPtz6boOQmLYwt+qCgq0jsYwAQnmE0givc=
google.golang.org/protobuf v1.31.0 h1:g0LDEJHgrBl9N9r17Ru3sqWhkIx2NB67okBHPwC7hs8=
google.golang.org/protobuf v1.31.0/go.mod h1:HV8QOd/L58Z+nl8r43ehVNZIU/HEI6OcFqwMG9pJV4I=
gopkg.in/check.v1 v0.0.0-20161208181325-20d25e280405/go.mod h1:Co6ibVJAznAaIkqp8huTwlJQCZ016jof/cbN4VW5Yz0=
gopkg.in/check.v1 v1.0.0-20201130134442-10cb98267c6c h1:Hei/4ADfdWqJk1ZMxUNpqntNwaWcugrBjAiHlqqRiVk=
gopkg.in/yaml.v2 v2.4.0 h1:D8xgwECY7CYvx+Y2n4sBz93Jn9JRvxdiyyo8CTfuKaY=
gopkg.in/yaml.v2 v2.4.0/go.mod h1:RDklbk79AGWmwhnvt/jBztapEOGDOx6ZbXqjP6csGnQ=
