github.com/beorn7/perks v1.0.1 h1:VlbKKnNfV8bJzeqoa4cOKqO6bYr3WgKZxO8Z16+hsOM=
github.com/beorn7/perks v1.0.1/go.mod h1:G2ZrVWU2WbWT9wwq4/hrbKbnv/1ERSJQ0ibhJ6rlkpw=
github.com/cespare/xxhash/v2 v2.3.0 h1:UL815xU9SqsFlibzuggzjXhog7bL6oX9BbNZnL2UFvs=
github.com/cespare/xxhash/v2 v2.3.0/go.mod h1:VGX0DQ3Q6kWi7AoAeZDth3/j3BFtOZR5XLFGgcrjCOs=
github.com/corona10/goimagehash v1.1.0 h1:teNMX/1e+Wn/AYSbLHX8mj+mF9r60R1kBeqE9MkoYwI=
github.com/corona10/goimagehash v1.1.0/go.mod h1:VkvE0mLn84L4aF8vCb6mafVajEb6QYMHl2ZJLn0mOGI=
github.com/davecgh/go-spew v1.1.1 h1:vj9j/u1bqnvCEfJOwUhtlOARqs3+rkHYY13jYWTU97c=
github.com/davecgh/go-spew v1.1.1/go.mod h1:J7Y8YcW2NihsgmVo/mv3lAwl/skON4iLHjSsI+c5H38=
github.com/disintegration/imaging v1.6.2 h1:w1LecBlG2Lnp8B3jk5zSuNqd7b4DXhcjwek1ei82L+c=
github.com/disintegration/imaging v1.6.2/go.mod h1:44/5580QXChDfwIclfc/PCwrr44amcmDAg8hxG0Ewe4=
github.com/dustin/go-humanize v1.0.1 h1:GzkhY7T5VNhEkwH0PVJgjz+fX1rhBrR7pRT3mDkpeCY=
github.com/dustin/go-humanize v1.0.1/go.mod h1:Mu1zIs6XwVuF/gI1OepvI0qD18qycQx+mFykh5fBlto=
github.com/flopp/go-findfont v0.1.0 h1:lPn0BymDUtJo+ZkV01VS3661HL6F4qFlkhcJN55u6mU=
github.com/flopp/go-findfont v0.1.0/go.mod h1:wKKxRDjD024Rh7VMwoU90i6ikQRCr+JTHB5n4Ejkqvw=
github.com/fogleman/gg v1.3.0 h1:/7zJX8F6AaYQc57WQCyN9cAIz+4bCJGO9B+dyW29am8=
github.com/fogleman/gg v1.3.0/go.mod h1:R/bRT+9gY/C5z7JzPU0zXsXHKM4/ayA+zqcVNZzPa1k=
github.com/go-logr/logr v1.4.3 h1:CjnDlHq8ikf6E492q6eKboGOC0T8CDaOvkHCIg8idEI=
github.com/go-logr/logr v1.4.3/go.mod h1:9T104GzyrTigFIr8wt5mBrctHMim0Nb2HLGrmQ40KvY=
github.com/go-logr/stdr v1.2.2 h1:hSWxHoqTgW2S2qGc0LTAI563KZ5YKYRhT3MFKZMbjag=
github.com/go-logr/stdr v1.2.2/go.mod h1:mMo/vtBO5dYbehREoey6XUKy/eSumjCCveDpRre4VKE=
github.com/go-ping/ping v1.2.0 h1:vsJ8slZBZAXNCK4dPcI2PEE9eM9n9RbXbGouVQ/Y4yQ=
github.com/go-ping/ping v1.2.0/go.mod h1:xIFjORFzTxqIV/tDVGO4eDy/bLuSyawEeojSm3GfRGk=
github.com/goccy/go-graphviz v0.2.9 h1:4yD2MIMpxNt+sOEARDh5jTE2S/jeAKi92w72B83mWGg=
github.com/goccy/go-graphviz v0.2.9/go.mod h1:hssjl/qbvUXGmloY81BwXt2nqoApKo7DFgDj5dLJGb8=
github.com/golang/freetype v0.0.0-20170609003504-e2365dfdc4a0 h1:DACJavvAHhabrF08vX0COfcOBJRhZ8lUbR+ZWIs0Y5g=
github.com/golang/freetype v0.0.0-20170609003504-e2365dfdc4a0/go.mod h1:E/TSTwGwJL78qG/PmXZO1EjYhfJinVAhrmmHX6Z8B9k=
github.com/golang/protobuf v1.5.4 h1:i7eJL8qZTpSEXOPTxNKhASYpMn+8e5Q6AdndVa1dWek=
github.com/golang/protobuf v1.5.4/go.mod h1:lnTiLA8Wa4RWRcIUkrtSVa5nRhsEGBg48fD6rSs7xps=
github.com/google/go-cmp v0.7.0 h1:wk8382ETsv4JYUZwIsn6YpYiWiBsYLSJiTsyBybVuN8=
github.com/google/go-cmp v0.7.0/go.mod h1:pXiqmnSA92OHEEa9HXL2W4E7lf9JzCmGVUdgjX3N/iU=
github.com/google/uuid v1.2.0/go.mod h1:TIyPZe4MgqvfeYDBFedMoGGpEw/LqOeaOT+nhxU+yHo=
github.com/google/uuid v1.6.0 h1:NIvaJDMOsjHA8n1jAhLSgzrAzy1Hgr+hNrb57e+94F0=
github.com/google/uuid v1.6.0/go.mod h1:TIyPZe4MgqvfeYDBFedMoGGpEw/LqOeaOT+nhxU+yHo=
github.com/grafana/pyroscope-go v1.2.4 h1:B22GMXz+O0nWLatxLuaP7o7L9dvP0clLvIpmeEQQM0Q=
github.com/grafana/pyroscope-go v1.2.4/go.mod h1:zzT9QXQAp2Iz2ZdS216UiV8y9uXJYQiGE1q8v1FyhqU=
github.com/grafana/pyroscope-go/godeltaprof v0.1.8 h1:iwOtYXeeVSAeYefJNaxDytgjKtUuKQbJqgAIjlnicKg=
github.com/grafana/pyroscope-go/godeltaprof v0.1.8/go.mod h1:2+l7K7twW49Ct4wFluZD3tZ6e0SjanjcUUBPVD/UuGU=
github.com/klauspost/compress v1.18.0 h1:c/Cqfb0r+Yi+JtIEq73FWXVkRonBlf0CRNYc8Zttxdo=
github.com/klauspost/compress v1.18.0/go.mod h1:2Pp+KzxcywXVXMr50+X0Q/Lsb43OQHYWRCY2AiWywWQ=
github.com/kr/pretty v0.3.1 h1:flRD4NNwYAUpkphVc1HcthR4KEIFJ65n8Mw5qdRn3LE=
github.com/kr/pretty v0.3.1/go.mod h1:hoEshYVHaxMs3cyo3Yncou5ZscifuDolrwPKZanG3xk=
github.com/kr/text v0.2.0 h1:5Nx0Ya0ZqY2ygV366QzturHI13Jq95ApcVaJBhpS+AY=
github.com/kr/text v0.2.0/go.mod h1:eLer722TekiGuMkidMxC/pM04lWEeraHUUmBw8l2grE=
github.com/kylelemons/godebug v1.1.0 h1:RPNrshWIDI6G2gRW9EHilWtl7Z6Sb1BR0xunSBf0SNc=
github.com/kylelemons/godebug v1.1.0/go.mod h1:9/0rRGxNHcop5bhtWyNeEfOS8JIWk580+fNqagV/RAw=
github.com/lib/pq v1.10.9 h1:YXG7RB+JIjhP29X+OtkiDnYaXQwpS4JEWq7dtCCRUEw=
github.com/lib/pq v1.10.9/go.mod h1:AlVN5x4E4T544tWzH6hKfbfQvm3HdbOxrmggDNAPY9o=
github.com/munnerz/goautoneg v0.0.0-20191010083416-a7dc8b61c822 h1:C3w9PqII01/Oq1c1nUAm88MOHcQC9l5mIlSMApZMrHA=
github.com/munnerz/goautoneg v0.0.0-20191010083416-a7dc8b61c822/go.mod h1:+n7T8mK8HuQTcFwEeznm/DIxMOiR9yIdICNftLE1DvQ=
github.com/nfnt/resize v0.0.0-20180221191011-83c6a9932646 h1:zYyBkD/k9seD2A7fsi6Oo2LfFZAehjjQMERAvZLEDnQ=
github.com/nfnt/resize v0.0.0-20180221191011-83c6a9932646/go.mod h1:jpp1/29i3P1S/RLdc7JQKbRpFeM1dOBd8T9ki5s+AY8=
github.com/pmezard/go-difflib v1.0.0 h1:4DBwDE0NGyQoBHbLQYPwSUPoCMWR5BEzIk/f1lZbAQM=
github.com/pmezard/go-difflib v1.0.0/go.mod h1:iKH77koFhYxTK1pcRnkKkqfTogsbg7gZNVY4sRDYZ/4=
github.com/prometheus/client_golang v1.23.0 h1:ust4zpdl9r4trLY/gSjlm07PuiBq2ynaXXlptpfy8Uc=
github.com/prometheus/client_golang v1.23.0/go.mod h1:i/o0R9ByOnHX0McrTMTyhYvKE4haaf2mW08I+jGAjEE=
github.com/prometheus/client_model v0.6.2 h1:oBsgwpGs7iVziMvrGhE53c/GrLUsZdHnqNwqPLxwZyk=
github.com/prometheus/client_model v0.6.2/go.mod h1:y3m2F6Gdpfy6Ut/GBsUqTWZqCUvMVzSfMLjcu6wAwpE=
github.com/prometheus/common v0.65.0 h1:QDwzd+G1twt//Kwj/Ww6E9FQq1iVMmODnILtW1t2VzE=
github.com/prometheus/common v0.65.0/go.mod h1:0gZns+BLRQ3V6NdaerOhMbwwRbNh9hkGINtQAsP5GS8=
github.com/prometheus/procfs v0.17.0 h1:FuLQ+05u4ZI+SS/w9+BWEM2TXiHKsUQ9TADiRH7DuK0=
github.com/prometheus/procfs v0.17.0/go.mod h1:oPQLaDAMRbA+u8H5Pbfq+dl3VDAvHxMUOVhe0wYB2zw=
github.com/rogpeppe/go-internal v1.10.0 h1:TMyTOH3F/DB16zRVcYyreMH6GnZZrwQVAoYjRBZyWFQ=
github.com/rogpeppe/go-internal v1.10.0/go.mod h1:UQnix2H7Ngw/k4C5ijL5+65zddjncjaFoBhdsK/akog=
github.com/stretchr/objx v0.5.2 h1:xuMeJ0Sdp5ZMRXx/aWO6RZxdr3beISkG5/G/aIRr3pY=
github.com/stretchr/objx v0.5.2/go.mod h1:FRsXN1f5AsAjCGJKqEizvkpNtU+EGNCLh3NxZ/8L+MA=
github.com/stretchr/testify v1.10.0 h1:Xv5erBjTwe/5IxqUQTdXv5kgmIvbHo3QQyRwhJsOfJA=
github.com/stretchr/testify v1.10.0/go.mod h1:r2ic/lqez/lEtzL7wO/rwa5dbSLXVDPFyf8C91i36aY=
github.com/tetratelabs/wazero v1.9.0 h1:IcZ56OuxrtaEz8UYNRHBrUa9bYeX9oVY93KspZZBf/I=
github.com/tetratelabs/wazero v1.9.0/go.mod h1:TSbcXCfFP0L2FGkRPxHphadXPjo1T6W+CseNNY7EkjM=
go.opentelemetry.io/auto/sdk v1.1.0 h1:cH53jehLUN6UFLY71z+NDOiNJqDdPRaXzTel0sJySYA=
go.opentelemetry.io/auto/sdk v1.1.0/go.mod h1:3wSPjt5PWp2RhlCcmmOial7AvC4DQqZb7a7wCow3W8A=
go.opentelemetry.io/otel v1.37.0 h1:9zhNfelUvx0KBfu/gb+ZgeAfAgtWrfHJZcAqFC228wQ=
go.opentelemetry.io/otel v1.37.0/go.mod h1:ehE/umFRLnuLa/vSccNq9oS1ErUlkkK71gMcN34UG8I=
go.opentelemetry.io/otel/metric v1.37.0 h1:mvwbQS5m0tbmqML4NqK+e3aDiO02vsf/WgbsdpcPoZE=
go.opentelemetry.io/otel/metric v1.37.0/go.mod h1:04wGrZurHYKOc+RKeye86GwKiTb9FKm1WHtO+4EVr2E=
go.opentelemetry.io/otel/sdk v1.37.0 h1:ItB0QUqnjesGRvNcmAcU0LyvkVyGJ2xftD29bWdDvKI=
go.opentelemetry.io/otel/sdk v1.37.0/go.mod h1:VredYzxUvuo2q3WRcDnKDjbdvmO0sCzOvVAiY+yUkAg=
go.opentelemetry.io/otel/sdk/metric v1.37.0 h1:90lI228XrB9jCMuSdA0673aubgRobVZFhbjxHHspCPc=
go.opentelemetry.io/otel/sdk/metric v1.37.0/go.mod h1:cNen4ZWfiD37l5NhS+Keb5RXVWZWpRE+9WyVCpbo5ps=
go.opentelemetry.io/otel/trace v1.37.0 h1:HLdcFNbRQBE2imdSEgm/kwqmQj1Or1l/7bW6mxVK7z4=
go.opentelemetry.io/otel/trace v1.37.0/go.mod h1:TlgrlQ+PtQO5XFerSPUYG0JSgGyryXewPGyayAWSBS0=
go.uber.org/goleak v1.3.0 h1:2K3zAYmnTNqV73imy9J1T3WC+gmCePx2hEGkimedGto=
go.uber.org/goleak v1.3.0/go.mod h1:CoHD4mav9JJNrW/WLlf7HGZPjdw8EucARQHekz1X6bE=
golang.conradwood.net/apis/auth v1.1.4116 h1:f/fiHIm287qHvvW7bQOWVhUzgKMZN3VVlMOZXf6uiJ0=
golang.conradwood.net/apis/auth v1.1.4116/go.mod h1:pBPINAEKXLQMgbwlJE2hpXj7Km4OAJfF76o/i8Sv3rw=
golang.conradwood.net/apis/autodeployer v1.1.4021 h1:8/ubL7/lpkyHK13uCaRumBCnN1I9k0gup52c3yuIFjc=
golang.conradwood.net/apis/autodeployer v1.1.4021/go.mod h1:HRfesbY+3wD3X97GoqmR2EWo5I1WWsKp85x24n261Ps=
golang.conradwood.net/apis/certmanager v1.1.4021 h1:dAOmgNNlTu3VOVAkWFkCcl5bnz9XflrZFyycO9vc/8I=
golang.conradwood.net/apis/certmanager v1.1.4021/go.mod h1:PpdDjIY//3V84j/qRDPwsT1IT1YUqiDUKneROsZ0bk0=
golang.conradwood.net/apis/common v1.1.4116 h1:RB91AAsQQ8ybJQkrMsmM6f4KYF/HIm3rffGUjOB7LSg=
golang.conradwood.net/apis/common v1.1.4116/go.mod h1:aBP1C6VrvIciQVfvgjFk5IYspBkjxVtCF+kqmR0efak=
golang.conradwood.net/apis/deploymonkey v1.1.4021 h1:aA27B7dKEF3yWyy7EQs53487aTgaaRo5F1PaAKAXDcw=
golang.conradwood.net/apis/deploymonkey v1.1.4021/go.mod h1:pFLC/rgPOGmkxDdmuH9fNn39qMFK01NOTyn6ZerPDTA=
golang.conradwood.net/apis/errorlogger v1.1.4021 h1:hAMuOfG2ecPa5B+T3+AvqidGSq/veD3o/aSUfQlPpZ4=
golang.conradwood.net/apis/errorlogger v1.1.4021/go.mod h1:CsO22qRFF5kOJVKSIJaNJzRqvlEuV09KHMwCDEqTDMo=
golang.conradwood.net/apis/framework v1.1.4021 h1:8V2NTwrl26ThMsOSElZWaZmYTxuE9+jWLk1TDSpSWIM=
golang.conradwood.net/apis/framework v1.1.4021/go.mod h1:bANvP49CDiwQ3NLG7mha8z+lvRRYYnVF/MR/qKNV0dM=
golang.conradwood.net/apis/geoip v1.1.4001 h1:EJCCsxo0HRcSs5ZEpL4jZVIQKAA7FVdvxfn1MN3fSxY=
golang.conradwood.net/apis/geoip v1.1.4001/go.mod h1:vAA/7VtFqb3m6F41Xa1E8C646MBBZmqt4gWuNwE+imY=
golang.conradwood.net/apis/getestservice v1.1.4021 h1:Q0yoW5VcYR/VqnqsIaDgAr6qc32r5FgC0QAN4XaHZyo=
golang.conradwood.net/apis/getestservice v1.1.4021/go.mod h1:Z9zr9mEdCcFwjCO+pF0WNFmKR38ov+jKVoM0Shboqr8=
golang.conradwood.net/apis/goeasyops v1.1.4116 h1:UODSh99+TT+zKbdeNG1hzQFBmieCis6bi+RujEJAQ5c=
golang.conradwood.net/apis/goeasyops v1.1.4116/go.mod h1:rj5//hPv2G8I1xrDBFsrJxcyJkDkAdlim5qY+MhaBis=
golang.conradwood.net/apis/grafanadata v1.1.4021 h1:DVVgYwreXAn+yaUzZSH9blrBTlbpAYkZFUf7bw3b2y0=
golang.conradwood.net/apis/grafanadata v1.1.4021/go.mod h1:2+FFM5eWj48eeCcWlor+rVTqiwuPwsBEKulYHdyJ/M0=
golang.conradwood.net/apis/h2gproxy v1.1.4021 h1:AgW9ytvVYqmdBlFJ4/BHdpyNggQYO8EnJpVRb7W7gV0=
golang.conradwood.net/apis/h2gproxy v1.1.4021/go.mod h1:F9/hUOug4hzbtP/0ze/h+FoOIJiBK1R4aSzpRn8nn3o=
golang.conradwood.net/apis/netroutes v1.1.4001 h1:Qhhq8JgUuq1f4foEO25rZX6jE8Q2BGEN91+htdv5J6Q=
golang.conradwood.net/apis/netroutes v1.1.4001/go.mod h1:KQRBgO8nxEcRxw/cnCTAjSQf5abgBGIzG98AbhrUs4I=
golang.conradwood.net/apis/objectstore v1.1.4021 h1:SW4ZRsdGIz9GynPbiLilgnBSLnilDINw9ZJc/CAU+G4=
golang.conradwood.net/apis/objectstore v1.1.4021/go.mod h1:9WgUakT4O+ryds6+Hfwx+VtpGTUPaQysjmuTooO02/c=
golang.conradwood.net/apis/registry v1.1.4021 h1:EarvxOAe0vB6KPK/8nmAXobh76fLr09LtaX48Co+vTg=
golang.conradwood.net/apis/registry v1.1.4021/go.mod h1:lFm1cpTbWW1FYPDk/+Ga+Ki01VhQqJpEUVHnjKQ/yp0=
golang.conradwood.net/go-easyops v0.1.38116 h1:sKO655uSx4rerzNcB4UUsrlPrLAhFeBowi/LjDgfZ3Q=
golang.conradwood.net/go-easyops v0.1.38116/go.mod h1:E458Niid6p66Mv1WSKgFQVTvfT9ptJBbB8CEcbRSAtY=
golang.org/x/image v0.0.0-20191009234506-e7c1f5e7dbb8/go.mod h1:FeLwcggjj3mMvU+oOTbSwawSJRM1uh48EjtB4UJZlP0=
golang.org/x/image v0.29.0 h1:HcdsyR4Gsuys/Axh0rDEmlBmB68rW1U9BUdB3UVHsas=
golang.org/x/image v0.29.0/go.mod h1:RVJROnf3SLK8d26OW91j4FrIHGbsJ8QnbEocVTOWQDA=
golang.org/x/net v0.0.0-20210316092652-d523dce5a7f4/go.mod h1:RBQZq4jEuRlivfhVLdyRGr576XBO4/greRjx4P4O3yc=
golang.org/x/net v0.44.0 h1:evd8IRDyfNBMBTTY5XRF1vaZlD+EmWx6x8PkhR04H/I=
golang.org/x/net v0.44.0/go.mod h1:ECOoLqd5U3Lhyeyo/QDCEVQ4sNgYsqvCZ722XogGieY=
golang.org/x/sync v0.0.0-20210220032951-036812b2e83c/go.mod h1:RxMgew5VJxzue5/jJTE5uejpjVlOe/izrB70Jof72aM=
golang.org/x/sync v0.17.0 h1:l60nONMj9l5drqw6jlhIELNv9I0A4OFgRsG9k2oT9Ug=
golang.org/x/sync v0.17.0/go.mod h1:9KTHXmSnoGruLpwFjVSX0lNNA75CykiMECbovNTZqGI=
golang.org/x/sys v0.0.0-20201119102817-f84b799fce68/go.mod h1:h1NjWce9XRLGQEsW7wpKNCjG9DtNlClVuFLEZdDNbEs=
golang.org/x/sys v0.0.0-20210315160823-c6e025ad8005/go.mod h1:h1NjWce9XRLGQEsW7wpKNCjG9DtNlClVuFLEZdDNbEs=
golang.org/x/sys v0.36.0 h1:KVRy2GtZBrk1cBYA7MKu5bEZFxQk4NIDV6RLVcC8o0k=
golang.org/x/sys v0.36.0/go.mod h1:OgkHotnGiDImocRcuBABYBEXf8A9a87e/uXjp9XT3ks=
golang.org/x/term v0.0.0-20201126162022-7de9c90e9dd1/go.mod h1:bj7SfCRtBDWHUb9snDiAeCFNEtKQo2Wmx5Cou7ajbmo=
golang.org/x/text v0.3.0/go.mod h1:NqM8EUOU14njkJ3fqMW+pc6Ldnwhi/IjpwHt7yyuwOQ=
golang.org/x/text v0.3.3/go.mod h1:5Zoc/QRtKVWzQhOtBMvqHzDpF6irO9z98xDceosuGiQ=
golang.org/x/text v0.29.0 h1:1neNs90w9YzJ9BocxfsQNHKuAT4pkghyXc4nhZ6sJvk=
golang.org/x/text v0.29.0/go.mod h1:7MhJOA9CD2qZyOKYazxdYMF85OwPdEr9jTtBpO7ydH4=
golang.org/x/tools v0.0.0-20180917221912-90fa682c2a6e/go.mod h1:n7NCudcB/nEzxVGmLbDWY5pfWTLqBcC2KZ6jyYvM4mQ=
golang.singingcat.net/apis/base v1.1.4001 h1:J7NEOEd3UX6+MXNOrJtaTWxg78CpSLLOvC0diY4580Y=
golang.singingcat.net/apis/base v1.1.4001/go.mod h1:OyAmeJP6OTSjLie1AHGmG9YaQYsmE8gPBnfiJv8O0Tk=
golang.singingcat.net/apis/scweb v1.1.4001 h1:iq3KnYUC/V6HX4k7Gx5rTOeGgfL+Q9NQ++gtHZLm6DI=
golang.singingcat.net/apis/scweb v1.1.4001/go.mod h1:ORdyaGchZiAhxlhTtVNxXhK8Y+BunDVOq5GI3cmXOx8=
golang.singingcat.net/apis/singingcat v1.1.4001 h1:dGLv3tG7EWXUtDk/Dp1RSeP3i18RyQxTxwkDZC7aOGY=
golang.singingcat.net/apis/singingcat v1.1.4001/go.mod h1:UN34orW0t/6aVV5kkLKja0vo2fCmL8A6vue2mb8vayc=
golang.singingcat.net/scgolib v0.1.36552 h1:B6fmESc8+IyCuiQGvKqaLWIEKzeuKgpbZeI1yCIW3kk=
golang.singingcat.net/scgolib v0.1.36552/go.mod h1:WReoAtbSI8XX6bSoBrudypMbrMmsjO+1Yq3pYoSL6O4=
golang.yacloud.eu/apis/autodeployer2 v1.1.4021 h1:dtm0kfrESyuUdgxsHGjnp9y/iTrYcbd2ZZpJkG5Hzuk=
golang.yacloud.eu/apis/autodeployer2 v1.1.4021/go.mod h1:XfDGV0xce/yJ1zk9Z6yS32+OvhZDCNIZ6TQETGrQ4Dc=
golang.yacloud.eu/apis/faultindicator v1.1.4021 h1:TS31Pbv7Caq29fjK6LmK6ZckUY2wrthHtO8oQxMTTWI=
golang.yacloud.eu/apis/faultindicator v1.1.4021/go.mod h1:JD3HeOdTmqh9jbn0Ovfj1Yd3D+JsOMD/LuaRgqBI60w=
golang.yacloud.eu/apis/fscache v1.1.4021 h1:SiGw0j+hGYgtz7AB5Yu9liZbFzssNA1zTdN08pPYDf0=
golang.yacloud.eu/apis/fscache v1.1.4021/go.mod h1:x8qWr17dFRVYqj7X7SmXmwO3oj3LX/wupL9Pin1IcfE=
golang.yacloud.eu/apis/session v1.1.4116 h1:HTfM3kt1A0RJOoMlakcP+oNXJJXTTHMKvVzP0M/XaP0=
golang.yacloud.eu/apis/session v1.1.4116/go.mod h1:9E0MZ00O1QWJ1Pp3H0Vuz7Vf5dvvMESTtixxgm+tMrU=
golang.yacloud.eu/apis/unixipc v1.1.4021 h1:vT+SxvFIbUqtRCpjd1r7mX5UwnvDCu8ylMKgTxmCMFE=
golang.yacloud.eu/apis/unixipc v1.1.4021/go.mod h1:sQs6fxEYg3VF1s8FreEUTat6fBQ13f6xHv8XxexihBA=
golang.yacloud.eu/apis/urlcacher v1.1.4021 h1:A2Kx4U7akZHzOeRMoqGUcWYSkxZfVHjWRouLiaOnNrQ=
golang.yacloud.eu/apis/urlcacher v1.1.4021/go.mod h1:IrcVjblh25MeoBgcldZPSFM7x06hiKM5TQvZZ4FqOrM=
golang.yacloud.eu/unixipc v0.1.31725 h1:u+tUnlgwLVzQ1bFBVM+rqARHAgwH41PrRGIVwKVrMsg=
golang.yacloud.eu/unixipc v0.1.31725/go.mod h1:BboKEBCyQzeXbtXowwSLV9U+wI32wq49ZVs72+uO/ZI=
gonum.org/v1/gonum v0.16.0 h1:5+ul4Swaf3ESvrOnidPp4GZbzf0mxVQpDCYUQE7OJfk=
gonum.org/v1/gonum v0.16.0/go.mod h1:fef3am4MQ93R2HHpKnLk4/Tbh/s0+wqD5nfa6Pnwy4E=
google.golang.org/genproto/googleapis/rpc v0.0.0-20250707201910-8d1bb00bc6a7 h1:pFyd6EwwL2TqFf8emdthzeX+gZE1ElRq3iM8pui4KBY=
google.golang.org/genproto/googleapis/rpc v0.0.0-20250707201910-8d1bb00bc6a7/go.mod h1:qQ0YXyHHx3XkvlzUtpXDkS29lDSafHMZBAZDc03LQ3A=
google.golang.org/grpc v1.75.1 h1:/ODCNEuf9VghjgO3rqLcfg8fiOP0nSluljWFlDxELLI=
google.golang.org/grpc v1.75.1/go.mod h1:JtPAzKiq4v1xcAB2hydNlWI2RnF85XXcV0mhKXr2ecQ=
google.golang.org/protobuf v1.36.10 h1:AYd7cD/uASjIL6Q9LiTjz8JLcrh/88q5UObnmY3aOOE=
google.golang.org/protobuf v1.36.10/go.mod h1:HTf+CrKn2C3g5S8VImy6tdcUvCska2kB7j23XfzDpco=
gopkg.in/check.v1 v0.0.0-20161208181325-20d25e280405/go.mod h1:Co6ibVJAznAaIkqp8huTwlJQCZ016jof/cbN4VW5Yz0=
gopkg.in/check.v1 v1.0.0-20201130134442-10cb98267c6c h1:Hei/4ADfdWqJk1ZMxUNpqntNwaWcugrBjAiHlqqRiVk=
gopkg.in/check.v1 v1.0.0-20201130134442-10cb98267c6c/go.mod h1:JHkPIbrfpd72SG/EVd6muEfDQjcINNoR0C8j2r3qZ4Q=
gopkg.in/yaml.v2 v2.4.0 h1:D8xgwECY7CYvx+Y2n4sBz93Jn9JRvxdiyyo8CTfuKaY=
gopkg.in/yaml.v2 v2.4.0/go.mod h1:RDklbk79AGWmwhnvt/jBztapEOGDOx6ZbXqjP6csGnQ=
gopkg.in/yaml.v3 v3.0.1 h1:fxVm/GzAzEWqLHuvctI91KS9hhNmmWOoWu0XTYJS7CA=
gopkg.in/yaml.v3 v3.0.1/go.mod h1:K4uyk7z7BCEPqu6E+C64Yfv1cQ7kz7rIZviUmN+EgEM=
